
Microsoft Visual Studio Solution File, Format Version 12.00
# Visual Studio Version 17
VisualStudioVersion = 17.14.36408.4 d17.14
MinimumVisualStudioVersion = 10.0.40219.1
Project("{FAE04EC0-301F-11D3-BF4B-00C04F79EFBC}") = "Calculadora", "Calculadora\Calculadora.csproj", "{FFAC1DF3-C552-4999-B5E5-F7F66171B342}"
EndProject
Global
	GlobalSection(SolutionConfigurationPlatforms) = preSolution
		Debug|Any CPU = Debug|Any CPU
		Release|Any CPU = Release|Any CPU
	EndGlobalSection
	GlobalSection(ProjectConfigurationPlatforms) = postSolution
		{FFAC1DF3-C552-4999-B5E5-F7F66171B342}.Debug|Any CPU.ActiveCfg = Debug|Any CPU
		{FFAC1DF3-C552-4999-B5E5-F7F66171B342}.Debug|Any CPU.Build.0 = Debug|Any CPU
		{FFAC1DF3-C552-4999-B5E5-F7F66171B342}.Release|Any CPU.ActiveCfg = Release|Any CPU
		{FFAC1DF3-C552-4999-B5E5-F7F66171B342}.Release|Any CPU.Build.0 = Release|Any CPU
	EndGlobalSection
	GlobalSection(SolutionProperties) = preSolution
		HideSolutionNode = FALSE
	EndGlobalSection
	GlobalSection(ExtensibilityGlobals) = postSolution
		SolutionGuid = {263AE91D-2008-4B0B-BC0B-23156F6DDA57}
	EndGlobalSection
EndGlobal
